
Microsoft Visual Studio Solution File, Format Version 12.00
# Visual Studio Version 17
VisualStudioVersion = 17.7.34024.191
MinimumVisualStudioVersion = 10.0.40219.1
Project("{FAE04EC0-301F-11D3-BF4B-00C04F79EFBC}") = "OOP Övning 1", "OOP Övning 1\OOP Övning 1.csproj", "{9CE4924E-112C-4FA0-B814-14D43EB42F47}"
EndProject
Global
	GlobalSection(SolutionConfigurationPlatforms) = preSolution
		Debug|Any CPU = Debug|Any CPU
		Release|Any CPU = Release|Any CPU
	EndGlobalSection
	GlobalSection(ProjectConfigurationPlatforms) = postSolution
		{9CE4924E-112C-4FA0-B814-14D43EB42F47}.Debug|Any CPU.ActiveCfg = Debug|Any CPU
		{9CE4924E-112C-4FA0-B814-14D43EB42F47}.Debug|Any CPU.Build.0 = Debug|Any CPU
		{9CE4924E-112C-4FA0-B814-14D43EB42F47}.Release|Any CPU.ActiveCfg = Release|Any CPU
		{9CE4924E-112C-4FA0-B814-14D43EB42F47}.Release|Any CPU.Build.0 = Release|Any CPU
	EndGlobalSection
	GlobalSection(SolutionProperties) = preSolution
		HideSolutionNode = FALSE
	EndGlobalSection
	GlobalSection(ExtensibilityGlobals) = postSolution
		SolutionGuid = {79BE9397-1A31-470A-A998-AEEAA664A3AB}
	EndGlobalSection
EndGlobal
